{
  "name": "mango",
  "lockfileVersion": 2,
  "requires": true,
  "packages": {
    "": {
      "dependencies": {
        "flask": "^0.2.10",
        "source": "^0.0.3",
        "touch": "^3.1.0"
      }
    },
    "node_modules/abbrev": {
      "version": "1.1.1",
      "resolved": "https://registry.npmjs.org/abbrev/-/abbrev-1.1.1.tgz",
      "integrity": "sha512-nne9/IiQ/hzIhY6pdDnbBtz7DjPTKrY00P/zvPSm5pOFkl6xuGrGnXn/VtTNNfNtAfZ9/1RtehkszU9qcTii0Q=="
    },
    "node_modules/findit": {
      "version": "2.0.0",
      "resolved": "https://registry.npmjs.org/findit/-/findit-2.0.0.tgz",
      "integrity": "sha1-ZQnwEmr0wXhVHPqZOU4DLhOk1W4="
    },
    "node_modules/flask": {
      "version": "0.2.10",
      "resolved": "https://registry.npmjs.org/flask/-/flask-0.2.10.tgz",
      "integrity": "sha1-9fWkLP1YownjfGfAo5YXqBnl4bc="
    },
    "node_modules/nopt": {
      "version": "1.0.10",
      "resolved": "https://registry.npmjs.org/nopt/-/nopt-1.0.10.tgz",
      "integrity": "sha1-bd0hvSoxQXuScn3Vhfim83YI6+4=",
      "dependencies": {
        "abbrev": "1"
      },
      "bin": {
        "nopt": "bin/nopt.js"
      },
      "engines": {
        "node": "*"
      }
    },
    "node_modules/source": {
      "version": "0.0.3",
      "resolved": "https://registry.npmjs.org/source/-/source-0.0.3.tgz",
      "integrity": "sha1-BA8AoKPiY4FHwB0/KLf+sSbS6uk=",
      "dependencies": {
        "findit": ">=0.0.2"
      },
      "engines": {
        "node": ">=0.4.0"
      }
    },
    "node_modules/touch": {
      "version": "3.1.0",
      "resolved": "https://registry.npmjs.org/touch/-/touch-3.1.0.tgz",
      "integrity": "sha512-WBx8Uy5TLtOSRtIq+M03/sKDrXCLHxwDcquSP2c43Le03/9serjQBIztjRz6FkJez9D/hleyAXTBGLwwZUw9lA==",
      "dependencies": {
        "nopt": "~1.0.10"
      },
      "bin": {
        "nodetouch": "bin/nodetouch.js"
      }
    }
  },
  "dependencies": {
    "abbrev": {
      "version": "1.1.1",
      "resolved": "https://registry.npmjs.org/abbrev/-/abbrev-1.1.1.tgz",
      "integrity": "sha512-nne9/IiQ/hzIhY6pdDnbBtz7DjPTKrY00P/zvPSm5pOFkl6xuGrGnXn/VtTNNfNtAfZ9/1RtehkszU9qcTii0Q=="
    },
    "findit": {
      "version": "2.0.0",
      "resolved": "https://registry.npmjs.org/findit/-/findit-2.0.0.tgz",
      "integrity": "sha1-ZQnwEmr0wXhVHPqZOU4DLhOk1W4="
    },
    "flask": {
      "version": "0.2.10",
      "resolved": "https://registry.npmjs.org/flask/-/flask-0.2.10.tgz",
      "integrity": "sha1-9fWkLP1YownjfGfAo5YXqBnl4bc="
    },
    "nopt": {
      "version": "1.0.10",
      "resolved": "https://registry.npmjs.org/nopt/-/nopt-1.0.10.tgz",
      "integrity": "sha1-bd0hvSoxQXuScn3Vhfim83YI6+4=",
      "requires": {
        "abbrev": "1"
      }
    },
    "source": {
      "version": "0.0.3",
      "resolved": "https://registry.npmjs.org/source/-/source-0.0.3.tgz",
      "integrity": "sha1-BA8AoKPiY4FHwB0/KLf+sSbS6uk=",
      "requires": {
        "findit": ">=0.0.2"
      }
    },
    "touch": {
      "version": "3.1.0",
      "resolved": "https://registry.npmjs.org/touch/-/touch-3.1.0.tgz",
      "integrity": "sha512-WBx8Uy5TLtOSRtIq+M03/sKDrXCLHxwDcquSP2c43Le03/9serjQBIztjRz6FkJez9D/hleyAXTBGLwwZUw9lA==",
      "requires": {
        "nopt": "~1.0.10"
      }
    }
  }
}
